
Microsoft Visual Studio Solution File, Format Version 12.00
# Visual Studio 15
VisualStudioVersion = 15.0.26730.16
MinimumVisualStudioVersion = 10.0.40219.1
Project("{9A19103F-16F7-4668-BE54-9A1E7A4F7556}") = "CodeGenerator", "CodeGenerator\CodeGenerator.csproj", "{D7AAF844-9614-4A44-991D-248DD447D624}"
EndProject
Project("{2150E333-8FDC-42A3-9474-1A3956D46DE8}") = "Solution Items", "Solution Items", "{C9601C66-538F-4F35-858A-B7A6ED572928}"
	ProjectSection(SolutionItems) = preProject
		..\.gitattributes = ..\.gitattributes
		..\.gitignore = ..\.gitignore
		..\appveyor.yml = ..\appveyor.yml
		..\AUTHORS = ..\AUTHORS
		..\CHANGELOG.md = ..\CHANGELOG.md
		..\CONTRIBUTORS = ..\CONTRIBUTORS
		..\GitVersion.yml = ..\GitVersion.yml
		..\LICENSE = ..\LICENSE
		..\README.md = ..\README.md
	EndProjectSection
EndProject
Project("{9A19103F-16F7-4668-BE54-9A1E7A4F7556}") = "QuantityTypes", "QuantityTypes\QuantityTypes.csproj", "{B13917BA-1866-4211-B957-7227C0221E12}"
	ProjectSection(ProjectDependencies) = postProject
		{D7AAF844-9614-4A44-991D-248DD447D624} = {D7AAF844-9614-4A44-991D-248DD447D624}
	EndProjectSection
EndProject
Project("{9A19103F-16F7-4668-BE54-9A1E7A4F7556}") = "QuantityTypes.Tests", "QuantityTypes.Tests\QuantityTypes.Tests.csproj", "{714ED7D0-9ED8-4026-B9EB-AD2F3A705F11}"
EndProject
Project("{9A19103F-16F7-4668-BE54-9A1E7A4F7556}") = "QuantityTypes.Csv", "QuantityTypes.Csv\QuantityTypes.Csv.csproj", "{2BF6E43E-376C-403F-A31E-053219AACB91}"
EndProject
Project("{9A19103F-16F7-4668-BE54-9A1E7A4F7556}") = "QuantityTypes.Csv.Tests", "QuantityTypes.Csv.Tests\QuantityTypes.Csv.Tests.csproj", "{A29CF619-D4B9-4077-ABCB-209D1EE3E0FD}"
EndProject
Project("{9A19103F-16F7-4668-BE54-9A1E7A4F7556}") = "QuantityTypes.Dynamic", "QuantityTypes.Dynamic\QuantityTypes.Dynamic.csproj", "{68D2DD7B-6B30-4DA4-BF12-5073E08C1657}"
EndProject
Project("{9A19103F-16F7-4668-BE54-9A1E7A4F7556}") = "QuantityTypes.Dynamic.Tests", "QuantityTypes.Dynamic.Tests\QuantityTypes.Dynamic.Tests.csproj", "{32EAA9A4-3518-43A0-A573-9A3741AE3140}"
EndProject
Project("{FAE04EC0-301F-11D3-BF4B-00C04F79EFBC}") = "PerformanceTest", "Examples\PerformanceTest\PerformanceTest.csproj", "{967118DC-80CF-4403-BAEA-0A23CC2D9B9B}"
EndProject
Project("{FAE04EC0-301F-11D3-BF4B-00C04F79EFBC}") = "WpfExample", "Examples\WpfExample\WpfExample.csproj", "{C1EB77BC-D372-46E7-8A1D-8AF471CA7996}"
EndProject
Project("{2150E333-8FDC-42A3-9474-1A3956D46DE8}") = "Examples", "Examples", "{1D64386B-FA71-4ECB-8962-B0CDB48CAE96}"
EndProject
Global
	GlobalSection(SolutionConfigurationPlatforms) = preSolution
		Debug|Any CPU = Debug|Any CPU
		Release|Any CPU = Release|Any CPU
	EndGlobalSection
	GlobalSection(ProjectConfigurationPlatforms) = postSolution
		{D7AAF844-9614-4A44-991D-248DD447D624}.Debug|Any CPU.ActiveCfg = Debug|Any CPU
		{D7AAF844-9614-4A44-991D-248DD447D624}.Debug|Any CPU.Build.0 = Debug|Any CPU
		{D7AAF844-9614-4A44-991D-248DD447D624}.Release|Any CPU.ActiveCfg = Release|Any CPU
		{D7AAF844-9614-4A44-991D-248DD447D624}.Release|Any CPU.Build.0 = Release|Any CPU
		{B13917BA-1866-4211-B957-7227C0221E12}.Debug|Any CPU.ActiveCfg = Debug|Any CPU
		{B13917BA-1866-4211-B957-7227C0221E12}.Debug|Any CPU.Build.0 = Debug|Any CPU
		{B13917BA-1866-4211-B957-7227C0221E12}.Release|Any CPU.ActiveCfg = Release|Any CPU
		{B13917BA-1866-4211-B957-7227C0221E12}.Release|Any CPU.Build.0 = Release|Any CPU
		{714ED7D0-9ED8-4026-B9EB-AD2F3A705F11}.Debug|Any CPU.ActiveCfg = Debug|Any CPU
		{714ED7D0-9ED8-4026-B9EB-AD2F3A705F11}.Debug|Any CPU.Build.0 = Debug|Any CPU
		{714ED7D0-9ED8-4026-B9EB-AD2F3A705F11}.Release|Any CPU.ActiveCfg = Release|Any CPU
		{714ED7D0-9ED8-4026-B9EB-AD2F3A705F11}.Release|Any CPU.Build.0 = Release|Any CPU
		{2BF6E43E-376C-403F-A31E-053219AACB91}.Debug|Any CPU.ActiveCfg = Debug|Any CPU
		{2BF6E43E-376C-403F-A31E-053219AACB91}.Debug|Any CPU.Build.0 = Debug|Any CPU
		{2BF6E43E-376C-403F-A31E-053219AACB91}.Release|Any CPU.ActiveCfg = Release|Any CPU
		{2BF6E43E-376C-403F-A31E-053219AACB91}.Release|Any CPU.Build.0 = Release|Any CPU
		{A29CF619-D4B9-4077-ABCB-209D1EE3E0FD}.Debug|Any CPU.ActiveCfg = Debug|Any CPU
		{A29CF619-D4B9-4077-ABCB-209D1EE3E0FD}.Debug|Any CPU.Build.0 = Debug|Any CPU
		{A29CF619-D4B9-4077-ABCB-209D1EE3E0FD}.Release|Any CPU.ActiveCfg = Release|Any CPU
		{A29CF619-D4B9-4077-ABCB-209D1EE3E0FD}.Release|Any CPU.Build.0 = Release|Any CPU
		{68D2DD7B-6B30-4DA4-BF12-5073E08C1657}.Debug|Any CPU.ActiveCfg = Debug|Any CPU
		{68D2DD7B-6B30-4DA4-BF12-5073E08C1657}.Debug|Any CPU.Build.0 = Debug|Any CPU
		{68D2DD7B-6B30-4DA4-BF12-5073E08C1657}.Release|Any CPU.ActiveCfg = Release|Any CPU
		{68D2DD7B-6B30-4DA4-BF12-5073E08C1657}.Release|Any CPU.Build.0 = Release|Any CPU
		{32EAA9A4-3518-43A0-A573-9A3741AE3140}.Debug|Any CPU.ActiveCfg = Debug|Any CPU
		{32EAA9A4-3518-43A0-A573-9A3741AE3140}.Debug|Any CPU.Build.0 = Debug|Any CPU
		{32EAA9A4-3518-43A0-A573-9A3741AE3140}.Release|Any CPU.ActiveCfg = Release|Any CPU
		{32EAA9A4-3518-43A0-A573-9A3741AE3140}.Release|Any CPU.Build.0 = Release|Any CPU
		{967118DC-80CF-4403-BAEA-0A23CC2D9B9B}.Debug|Any CPU.ActiveCfg = Debug|Any CPU
		{967118DC-80CF-4403-BAEA-0A23CC2D9B9B}.Debug|Any CPU.Build.0 = Debug|Any CPU
		{967118DC-80CF-4403-BAEA-0A23CC2D9B9B}.Release|Any CPU.ActiveCfg = Release|Any CPU
		{967118DC-80CF-4403-BAEA-0A23CC2D9B9B}.Release|Any CPU.Build.0 = Release|Any CPU
		{C1EB77BC-D372-46E7-8A1D-8AF471CA7996}.Debug|Any CPU.ActiveCfg = Debug|Any CPU
		{C1EB77BC-D372-46E7-8A1D-8AF471CA7996}.Debug|Any CPU.Build.0 = Debug|Any CPU
		{C1EB77BC-D372-46E7-8A1D-8AF471CA7996}.Release|Any CPU.ActiveCfg = Release|Any CPU
		{C1EB77BC-D372-46E7-8A1D-8AF471CA7996}.Release|Any CPU.Build.0 = Release|Any CPU
	EndGlobalSection
	GlobalSection(SolutionProperties) = preSolution
		HideSolutionNode = FALSE
	EndGlobalSection
	GlobalSection(NestedProjects) = preSolution
		{967118DC-80CF-4403-BAEA-0A23CC2D9B9B} = {1D64386B-FA71-4ECB-8962-B0CDB48CAE96}
		{C1EB77BC-D372-46E7-8A1D-8AF471CA7996} = {1D64386B-FA71-4ECB-8962-B0CDB48CAE96}
	EndGlobalSection
	GlobalSection(ExtensibilityGlobals) = postSolution
		SolutionGuid = {90E13D8E-4802-4637-95F7-951A9DBEF2DE}
	EndGlobalSection
EndGlobal
