
Microsoft Visual Studio Solution File, Format Version 12.00
# Visual Studio 2013
VisualStudioVersion = 12.0.21126.0
MinimumVisualStudioVersion = 10.0.40219.1
Project("{2150E333-8FDC-42A3-9474-1A3956D46DE8}") = "Examples", "Examples", "{2AA3049E-FFE7-491B-BAFC-63F8336CFBC4}"
EndProject
Project("{2150E333-8FDC-42A3-9474-1A3956D46DE8}") = "PCL", "PCL", "{CD51B63C-5754-4775-9C79-7BAF0B8758A3}"
EndProject
Project("{FAE04EC0-301F-11D3-BF4B-00C04F79EFBC}") = "Units.Tests", "Units.Tests\Units.Tests.csproj", "{234E25BD-C3D0-465A-B763-69CCF5036CE9}"
EndProject
Project("{FAE04EC0-301F-11D3-BF4B-00C04F79EFBC}") = "WpfExample", "Examples\WpfExample\WpfExample.csproj", "{C1EB77BC-D372-46E7-8A1D-8AF471CA7996}"
EndProject
Project("{FAE04EC0-301F-11D3-BF4B-00C04F79EFBC}") = "PerformanceTest", "Examples\PerformanceTest\PerformanceTest.csproj", "{967118DC-80CF-4403-BAEA-0A23CC2D9B9B}"
EndProject
Project("{FAE04EC0-301F-11D3-BF4B-00C04F79EFBC}") = "Units", "Units\Units.csproj", "{E0557C29-6CDC-4060-BB1A-461ED5C1EF19}"
EndProject
Global
	GlobalSection(SolutionConfigurationPlatforms) = preSolution
		Debug|Any CPU = Debug|Any CPU
		Debug|Mixed Platforms = Debug|Mixed Platforms
		Debug|x86 = Debug|x86
		Release|Any CPU = Release|Any CPU
		Release|Mixed Platforms = Release|Mixed Platforms
		Release|x86 = Release|x86
	EndGlobalSection
	GlobalSection(ProjectConfigurationPlatforms) = postSolution
		{234E25BD-C3D0-465A-B763-69CCF5036CE9}.Debug|Any CPU.ActiveCfg = Debug|Any CPU
		{234E25BD-C3D0-465A-B763-69CCF5036CE9}.Debug|Any CPU.Build.0 = Debug|Any CPU
		{234E25BD-C3D0-465A-B763-69CCF5036CE9}.Debug|Mixed Platforms.ActiveCfg = Debug|Any CPU
		{234E25BD-C3D0-465A-B763-69CCF5036CE9}.Debug|Mixed Platforms.Build.0 = Debug|Any CPU
		{234E25BD-C3D0-465A-B763-69CCF5036CE9}.Debug|x86.ActiveCfg = Debug|Any CPU
		{234E25BD-C3D0-465A-B763-69CCF5036CE9}.Release|Any CPU.ActiveCfg = Release|Any CPU
		{234E25BD-C3D0-465A-B763-69CCF5036CE9}.Release|Any CPU.Build.0 = Release|Any CPU
		{234E25BD-C3D0-465A-B763-69CCF5036CE9}.Release|Mixed Platforms.ActiveCfg = Release|Any CPU
		{234E25BD-C3D0-465A-B763-69CCF5036CE9}.Release|Mixed Platforms.Build.0 = Release|Any CPU
		{234E25BD-C3D0-465A-B763-69CCF5036CE9}.Release|x86.ActiveCfg = Release|Any CPU
		{C1EB77BC-D372-46E7-8A1D-8AF471CA7996}.Debug|Any CPU.ActiveCfg = Debug|Any CPU
		{C1EB77BC-D372-46E7-8A1D-8AF471CA7996}.Debug|Any CPU.Build.0 = Debug|Any CPU
		{C1EB77BC-D372-46E7-8A1D-8AF471CA7996}.Debug|Mixed Platforms.ActiveCfg = Debug|Any CPU
		{C1EB77BC-D372-46E7-8A1D-8AF471CA7996}.Debug|Mixed Platforms.Build.0 = Debug|Any CPU
		{C1EB77BC-D372-46E7-8A1D-8AF471CA7996}.Debug|x86.ActiveCfg = Debug|Any CPU
		{C1EB77BC-D372-46E7-8A1D-8AF471CA7996}.Release|Any CPU.ActiveCfg = Release|Any CPU
		{C1EB77BC-D372-46E7-8A1D-8AF471CA7996}.Release|Any CPU.Build.0 = Release|Any CPU
		{C1EB77BC-D372-46E7-8A1D-8AF471CA7996}.Release|Mixed Platforms.ActiveCfg = Release|Any CPU
		{C1EB77BC-D372-46E7-8A1D-8AF471CA7996}.Release|Mixed Platforms.Build.0 = Release|Any CPU
		{C1EB77BC-D372-46E7-8A1D-8AF471CA7996}.Release|x86.ActiveCfg = Release|Any CPU
		{967118DC-80CF-4403-BAEA-0A23CC2D9B9B}.Debug|Any CPU.ActiveCfg = Debug|Any CPU
		{967118DC-80CF-4403-BAEA-0A23CC2D9B9B}.Debug|Any CPU.Build.0 = Debug|Any CPU
		{967118DC-80CF-4403-BAEA-0A23CC2D9B9B}.Debug|Mixed Platforms.ActiveCfg = Debug|Any CPU
		{967118DC-80CF-4403-BAEA-0A23CC2D9B9B}.Debug|Mixed Platforms.Build.0 = Debug|Any CPU
		{967118DC-80CF-4403-BAEA-0A23CC2D9B9B}.Debug|x86.ActiveCfg = Debug|Any CPU
		{967118DC-80CF-4403-BAEA-0A23CC2D9B9B}.Release|Any CPU.ActiveCfg = Release|Any CPU
		{967118DC-80CF-4403-BAEA-0A23CC2D9B9B}.Release|Any CPU.Build.0 = Release|Any CPU
		{967118DC-80CF-4403-BAEA-0A23CC2D9B9B}.Release|Mixed Platforms.ActiveCfg = Release|Any CPU
		{967118DC-80CF-4403-BAEA-0A23CC2D9B9B}.Release|Mixed Platforms.Build.0 = Release|Any CPU
		{967118DC-80CF-4403-BAEA-0A23CC2D9B9B}.Release|x86.ActiveCfg = Release|Any CPU
		{E0557C29-6CDC-4060-BB1A-461ED5C1EF19}.Debug|Any CPU.ActiveCfg = Debug|Any CPU
		{E0557C29-6CDC-4060-BB1A-461ED5C1EF19}.Debug|Any CPU.Build.0 = Debug|Any CPU
		{E0557C29-6CDC-4060-BB1A-461ED5C1EF19}.Debug|Mixed Platforms.ActiveCfg = Debug|Any CPU
		{E0557C29-6CDC-4060-BB1A-461ED5C1EF19}.Debug|Mixed Platforms.Build.0 = Debug|Any CPU
		{E0557C29-6CDC-4060-BB1A-461ED5C1EF19}.Debug|x86.ActiveCfg = Debug|Any CPU
		{E0557C29-6CDC-4060-BB1A-461ED5C1EF19}.Release|Any CPU.ActiveCfg = Release|Any CPU
		{E0557C29-6CDC-4060-BB1A-461ED5C1EF19}.Release|Any CPU.Build.0 = Release|Any CPU
		{E0557C29-6CDC-4060-BB1A-461ED5C1EF19}.Release|Mixed Platforms.ActiveCfg = Release|Any CPU
		{E0557C29-6CDC-4060-BB1A-461ED5C1EF19}.Release|Mixed Platforms.Build.0 = Release|Any CPU
		{E0557C29-6CDC-4060-BB1A-461ED5C1EF19}.Release|x86.ActiveCfg = Release|Any CPU
	EndGlobalSection
	GlobalSection(SolutionProperties) = preSolution
		HideSolutionNode = FALSE
	EndGlobalSection
	GlobalSection(NestedProjects) = preSolution
		{C1EB77BC-D372-46E7-8A1D-8AF471CA7996} = {2AA3049E-FFE7-491B-BAFC-63F8336CFBC4}
		{967118DC-80CF-4403-BAEA-0A23CC2D9B9B} = {2AA3049E-FFE7-491B-BAFC-63F8336CFBC4}
		{234E25BD-C3D0-465A-B763-69CCF5036CE9} = {CD51B63C-5754-4775-9C79-7BAF0B8758A3}
		{E0557C29-6CDC-4060-BB1A-461ED5C1EF19} = {CD51B63C-5754-4775-9C79-7BAF0B8758A3}
	EndGlobalSection
EndGlobal
